
Microsoft Visual Studio Solution File, Format Version 12.00
# Visual Studio Version 16
VisualStudioVersion = 16.0.29920.165
MinimumVisualStudioVersion = 10.0.40219.1
Project("{FAE04EC0-301F-11D3-BF4B-00C04F79EFBC}") = "QandA", "QandA.csproj", "{5347A421-0DF3-445C-8BBF-E2A02A301360}"
EndProject
Global
	GlobalSection(SolutionConfigurationPlatforms) = preSolution
		Debug|Any CPU = Debug|Any CPU
		Release|Any CPU = Release|Any CPU
	EndGlobalSection
	GlobalSection(ProjectConfigurationPlatforms) = postSolution
		{5347A421-0DF3-445C-8BBF-E2A02A301360}.Debug|Any CPU.ActiveCfg = Debug|Any CPU
		{5347A421-0DF3-445C-8BBF-E2A02A301360}.Debug|Any CPU.Build.0 = Debug|Any CPU
		{5347A421-0DF3-445C-8BBF-E2A02A301360}.Release|Any CPU.ActiveCfg = Release|Any CPU
		{5347A421-0DF3-445C-8BBF-E2A02A301360}.Release|Any CPU.Build.0 = Release|Any CPU
	EndGlobalSection
	GlobalSection(SolutionProperties) = preSolution
		HideSolutionNode = FALSE
	EndGlobalSection
	GlobalSection(ExtensibilityGlobals) = postSolution
		SolutionGuid = {7570570D-75EA-404F-A249-270B82522869}
	EndGlobalSection
EndGlobal
